
Microsoft Visual Studio Solution File, Format Version 12.00
# Visual Studio 15
VisualStudioVersion = 15.0.28010.2046
MinimumVisualStudioVersion = 10.0.40219.1
Project("{888888A0-9F3D-457C-B088-3A5042F75D52}") = "Projet2-ai", "Projet2-ai\Projet2-ai.pyproj", "{9A1D906B-5D61-41F3-B6FF-D164F1A301B2}"
EndProject
Global
	GlobalSection(SolutionConfigurationPlatforms) = preSolution
		Debug|Any CPU = Debug|Any CPU
		Release|Any CPU = Release|Any CPU
	EndGlobalSection
	GlobalSection(ProjectConfigurationPlatforms) = postSolution
		{9A1D906B-5D61-41F3-B6FF-D164F1A301B2}.Debug|Any CPU.ActiveCfg = Debug|Any CPU
		{9A1D906B-5D61-41F3-B6FF-D164F1A301B2}.Release|Any CPU.ActiveCfg = Release|Any CPU
	EndGlobalSection
	GlobalSection(SolutionProperties) = preSolution
		HideSolutionNode = FALSE
	EndGlobalSection
	GlobalSection(ExtensibilityGlobals) = postSolution
		SolutionGuid = {CE88DAF0-E570-46CD-B4C7-0C046C3DB644}
	EndGlobalSection
EndGlobal
